#MicroXplorer Configuration settings - do not modify
CAD.formats=
CAD.pinconfig=
CAD.provider=
Dma.Request0=TIM2_UP
Dma.RequestsNb=1
Dma.TIM2_UP.0.Direction=DMA_PERIPH_TO_MEMORY
Dma.TIM2_UP.0.EventEnable=DISABLE
Dma.TIM2_UP.0.FIFOMode=DMA_FIFOMODE_DISABLE
Dma.TIM2_UP.0.Instance=DMA1_Stream0
Dma.TIM2_UP.0.MemDataAlignment=DMA_MDATAALIGN_HALFWORD
Dma.TIM2_UP.0.MemInc=DMA_MINC_ENABLE
Dma.TIM2_UP.0.Mode=DMA_CIRCULAR
Dma.TIM2_UP.0.PeriphDataAlignment=DMA_PDATAALIGN_HALFWORD
Dma.TIM2_UP.0.PeriphInc=DMA_PINC_DISABLE
Dma.TIM2_UP.0.Polarity=HAL_DMAMUX_REQ_GEN_RISING
Dma.TIM2_UP.0.Priority=DMA_PRIORITY_LOW
Dma.TIM2_UP.0.RequestNumber=1
Dma.TIM2_UP.0.RequestParameters=Instance,Direction,PeriphInc,MemInc,PeriphDataAlignment,MemDataAlignment,Mode,Priority,FIFOMode,SignalID,Polarity,RequestNumber,SyncSignalID,SyncPolarity,SyncEnable,EventEnable,SyncRequestNumber
Dma.TIM2_UP.0.SignalID=NONE
Dma.TIM2_UP.0.SyncEnable=DISABLE
Dma.TIM2_UP.0.SyncPolarity=HAL_DMAMUX_SYNC_NO_EVENT
Dma.TIM2_UP.0.SyncRequestNumber=1
Dma.TIM2_UP.0.SyncSignalID=NONE
FDCAN1.CalculateBaudRateNominal=1612500
FDCAN1.CalculateTimeBitNominal=620
FDCAN1.CalculateTimeQuantumNominal=124.03100775193798
FDCAN1.IPParameters=CalculateTimeQuantumNominal,CalculateTimeBitNominal,CalculateBaudRateNominal
File.Version=6
GPIO.groupedBy=Group By Peripherals
KeepUserPlacement=false
LTDC.IPParameters=Layers
LTDC.Layers=0
Mcu.CPN=STM32H750XBH6
Mcu.Family=STM32H7
Mcu.IP0=CORTEX_M7
Mcu.IP1=DEBUG
Mcu.IP10=SDMMC2
Mcu.IP11=SYS
Mcu.IP12=TIM2
Mcu.IP13=USB_OTG_HS
Mcu.IP2=DMA
Mcu.IP3=FDCAN1
Mcu.IP4=FMC
Mcu.IP5=LTDC
Mcu.IP6=NVIC
Mcu.IP7=QUADSPI
Mcu.IP8=RCC
Mcu.IP9=SDMMC1
Mcu.IPNb=14
Mcu.Name=STM32H750XBHx
Mcu.Package=TFBGA240
Mcu.Pin0=PI6
Mcu.Pin1=PI5
Mcu.Pin10=PB6
Mcu.Pin100=PB13
Mcu.Pin101=PB14
Mcu.Pin102=PD8
Mcu.Pin103=VP_SYS_VS_Systick
Mcu.Pin11=PB4 (NJTRST)
Mcu.Pin12=PG11
Mcu.Pin13=PJ15
Mcu.Pin14=PD6
Mcu.Pin15=PD3
Mcu.Pin16=PC11
Mcu.Pin17=PA14 (JTCK/SWCLK)
Mcu.Pin18=PH15
Mcu.Pin19=PH14
Mcu.Pin2=PI4
Mcu.Pin20=PB3 (JTDO/TRACESWO)
Mcu.Pin21=PG12
Mcu.Pin22=PD7
Mcu.Pin23=PC12
Mcu.Pin24=PA13 (JTMS/SWDIO)
Mcu.Pin25=PE5
Mcu.Pin26=PE4
Mcu.Pin27=PB9
Mcu.Pin28=PG15
Mcu.Pin29=PK7
Mcu.Pin3=PB5
Mcu.Pin30=PG13
Mcu.Pin31=PJ12
Mcu.Pin32=PD2
Mcu.Pin33=PD0
Mcu.Pin34=PA9
Mcu.Pin35=PH13
Mcu.Pin36=PI9
Mcu.Pin37=PE6
Mcu.Pin38=PD1
Mcu.Pin39=PC8
Mcu.Pin4=PG10
Mcu.Pin40=PC9
Mcu.Pin41=PA8
Mcu.Pin42=PA11
Mcu.Pin43=PI10
Mcu.Pin44=PI11
Mcu.Pin45=PG8
Mcu.Pin46=PG7
Mcu.Pin47=PF2
Mcu.Pin48=PF1
Mcu.Pin49=PF0
Mcu.Pin5=PC10
Mcu.Pin50=PG5
Mcu.Pin51=PG6
Mcu.Pin52=PF3
Mcu.Pin53=PG4
Mcu.Pin54=PG2
Mcu.Pin55=PH1-OSC_OUT (PH1)
Mcu.Pin56=PH0-OSC_IN (PH0)
Mcu.Pin57=PF5
Mcu.Pin58=PF4
Mcu.Pin59=PF8
Mcu.Pin6=PA15 (JTDI)
Mcu.Pin60=PC0
Mcu.Pin61=PF10
Mcu.Pin62=PF9
Mcu.Pin63=PC1
Mcu.Pin64=PC2
Mcu.Pin65=PC3
Mcu.Pin66=PH2
Mcu.Pin67=PA2
Mcu.Pin68=PA1
Mcu.Pin69=PA0
Mcu.Pin7=PI1
Mcu.Pin70=PE10
Mcu.Pin71=PH5
Mcu.Pin72=PF13
Mcu.Pin73=PF14
Mcu.Pin74=PE9
Mcu.Pin75=PE11
Mcu.Pin76=PB10
Mcu.Pin77=PB11
Mcu.Pin78=PD15
Mcu.Pin79=PD14
Mcu.Pin8=PI0
Mcu.Pin80=PF12
Mcu.Pin81=PF15
Mcu.Pin82=PE12
Mcu.Pin83=PE15
Mcu.Pin84=PH9
Mcu.Pin85=PA5
Mcu.Pin86=PB1
Mcu.Pin87=PF11
Mcu.Pin88=PG0
Mcu.Pin89=PE8
Mcu.Pin9=PI7
Mcu.Pin90=PE13
Mcu.Pin91=PB12
Mcu.Pin92=PB15
Mcu.Pin93=PD10
Mcu.Pin94=PD9
Mcu.Pin95=PA3
Mcu.Pin96=PB0
Mcu.Pin97=PG1
Mcu.Pin98=PE7
Mcu.Pin99=PE14
Mcu.PinsNb=104
Mcu.ThirdPartyNb=0
Mcu.UserConstants=
Mcu.UserName=STM32H750XBHx
MxCube.Version=6.9.1
MxDb.Version=DB.6.0.91
NVIC.BusFault_IRQn=true\:0\:0\:false\:false\:true\:false\:false\:false
NVIC.DMA1_Stream0_IRQn=true\:0\:0\:false\:false\:true\:false\:true\:true
NVIC.DebugMonitor_IRQn=true\:0\:0\:false\:false\:true\:false\:false\:false
NVIC.ForceEnableDMAVector=true
NVIC.HardFault_IRQn=true\:0\:0\:false\:false\:true\:false\:false\:false
NVIC.MemoryManagement_IRQn=true\:0\:0\:false\:false\:true\:false\:false\:false
NVIC.NonMaskableInt_IRQn=true\:0\:0\:false\:false\:true\:false\:false\:false
NVIC.PendSV_IRQn=true\:0\:0\:false\:false\:true\:false\:false\:false
NVIC.PriorityGroup=NVIC_PRIORITYGROUP_4
NVIC.SVCall_IRQn=true\:0\:0\:false\:false\:true\:false\:false\:false
NVIC.SysTick_IRQn=true\:15\:0\:false\:false\:true\:false\:true\:false
NVIC.UsageFault_IRQn=true\:0\:0\:false\:false\:true\:false\:false\:false
PA0.Locked=true
PA0.Signal=S_TIM2_CH1_ETR
PA1.Mode=RGB888
PA1.Signal=LTDC_R2
PA11.Mode=RGB888
PA11.Signal=LTDC_R4
PA13\ (JTMS/SWDIO).Mode=JTAG_4_pins
PA13\ (JTMS/SWDIO).Signal=DEBUG_JTMS-SWDIO
PA14\ (JTCK/SWCLK).Mode=JTAG_4_pins
PA14\ (JTCK/SWCLK).Signal=DEBUG_JTCK-SWCLK
PA15\ (JTDI).Mode=JTAG_4_pins
PA15\ (JTDI).Signal=DEBUG_JTDI
PA2.Mode=RGB888
PA2.Signal=LTDC_R1
PA3.Mode=Device_HS
PA3.Signal=USB_OTG_HS_ULPI_D0
PA5.Mode=Device_HS
PA5.Signal=USB_OTG_HS_ULPI_CK
PA8.Mode=RGB888
PA8.Signal=LTDC_R6
PA9.Mode=RGB888
PA9.Signal=LTDC_R5
PB0.Mode=Device_HS
PB0.Signal=USB_OTG_HS_ULPI_D1
PB1.Mode=Device_HS
PB1.Signal=USB_OTG_HS_ULPI_D2
PB10.Mode=Device_HS
PB10.Signal=USB_OTG_HS_ULPI_D3
PB11.Mode=Device_HS
PB11.Signal=USB_OTG_HS_ULPI_D4
PB12.Mode=Device_HS
PB12.Signal=USB_OTG_HS_ULPI_D5
PB13.Mode=Device_HS
PB13.Signal=USB_OTG_HS_ULPI_D6
PB14.Mode=SD_4_bits_Wide_bus
PB14.Signal=SDMMC2_D0
PB15.Mode=SD_4_bits_Wide_bus
PB15.Signal=SDMMC2_D1
PB3\ (JTDO/TRACESWO).Mode=JTAG_4_pins
PB3\ (JTDO/TRACESWO).Signal=DEBUG_JTDO-SWO
PB4\ (NJTRST).Mode=SD_4_bits_Wide_bus
PB4\ (NJTRST).Signal=SDMMC2_D3
PB5.Mode=Device_HS
PB5.Signal=USB_OTG_HS_ULPI_D7
PB6.Mode=Single Bank 1 2IOs
PB6.Signal=QUADSPI_BK1_NCS
PB9.Mode=FDCAN_Activate
PB9.Signal=FDCAN1_TX
PC0.Locked=true
PC0.Mode=Device_HS
PC0.Signal=USB_OTG_HS_ULPI_STP
PC1.Locked=true
PC10.Mode=SD_4_bits_Wide_bus
PC10.Signal=SDMMC1_D2
PC11.Mode=SD_4_bits_Wide_bus
PC11.Signal=SDMMC1_D3
PC12.Mode=SD_4_bits_Wide_bus
PC12.Signal=SDMMC1_CK
PC2.Locked=true
PC2.Mode=SdramChipSelect1_1
PC2.Signal=FMC_SDNE0
PC3.Mode=Device_HS
PC3.Signal=USB_OTG_HS_ULPI_NXT
PC8.Mode=SD_4_bits_Wide_bus
PC8.Signal=SDMMC1_D0
PC9.Mode=SD_4_bits_Wide_bus
PC9.Signal=SDMMC1_D1
PCC.Checker=true
PCC.Line=STM32H750 Value line
PCC.MCU=STM32H750XBHx
PCC.PartNumber=STM32H750XBHx
PCC.Seq0=2
PCC.Seq0.Step0.Average_Current=163.96 mA
PCC.Seq0.Step0.CPU_Frequency=480 MHz
PCC.Seq0.Step0.Category=In DS Table
PCC.Seq0.Step0.DMIPS=1027.2001
PCC.Seq0.Step0.Duration=0.1 ms
PCC.Seq0.Step0.Frequency=24 MHz
PCC.Seq0.Step0.Memory=ITCM
PCC.Seq0.Step0.Mode=RUN
PCC.Seq0.Step0.Oscillator=HSE BYP PLL
PCC.Seq0.Step0.Peripherals=Bridge_AHB3 Bridge_APB3 D1SRAM1 DMA2D DSI DTCM1 DTCM2 FLITF FMC MDMA QUADSPI Bridge_APB1 FDCAN1
PCC.Seq0.Step0.SubMode1=DRUN/CRUN
PCC.Seq0.Step0.SubMode2=DRUN
PCC.Seq0.Step0.SubMode3=DRUN
PCC.Seq0.Step0.TaMax=106.8
PCC.Seq0.Step0.User's_Consumption=0 mA
PCC.Seq0.Step0.Vcore=VOS0\: Scale0-High
PCC.Seq0.Step0.Vdd=3.0
PCC.Seq0.Step0.Voltage_Source=Battery
PCC.Seq0.Step1.Average_Current=150 \u00B5A
PCC.Seq0.Step1.CPU_Frequency=0 Hz
PCC.Seq0.Step1.Category=In DS Table
PCC.Seq0.Step1.DMIPS=0.0
PCC.Seq0.Step1.Duration=0.9 ms
PCC.Seq0.Step1.Frequency=0 Hz
PCC.Seq0.Step1.Memory=NA
PCC.Seq0.Step1.Mode=STOP
PCC.Seq0.Step1.Oscillator=Flash-OFF
PCC.Seq0.Step1.Peripherals=
PCC.Seq0.Step1.SubMode1=DSTANDBY
PCC.Seq0.Step1.SubMode2=DSTANDBY
PCC.Seq0.Step1.SubMode3=DSTOP
PCC.Seq0.Step1.TaMax=124.98
PCC.Seq0.Step1.User's_Consumption=0 mA
PCC.Seq0.Step1.Vcore=SVOS5\: System-Scale5
PCC.Seq0.Step1.Vdd=3.0
PCC.Seq0.Step1.Voltage_Source=Battery
PCC.Series=STM32H7
PCC.Temperature=25
PCC.Vdd=3.0
PD0.Signal=FMC_D2_DA2
PD1.Signal=FMC_D3_DA3
PD10.Signal=FMC_D15_DA15
PD14.Signal=FMC_D0_DA0
PD15.Signal=FMC_D1_DA1
PD2.Mode=SD_4_bits_Wide_bus
PD2.Signal=SDMMC1_CMD
PD3.Mode=RGB888
PD3.Signal=LTDC_G7
PD6.Mode=SD_4_bits_Wide_bus
PD6.Signal=SDMMC2_CK
PD7.Mode=SD_4_bits_Wide_bus
PD7.Signal=SDMMC2_CMD
PD8.Signal=FMC_D13_DA13
PD9.Signal=FMC_D14_DA14
PE10.Signal=FMC_D7_DA7
PE11.Signal=FMC_D8_DA8
PE12.Signal=FMC_D9_DA9
PE13.Signal=FMC_D10_DA10
PE14.Signal=FMC_D11_DA11
PE15.Signal=FMC_D12_DA12
PE4.Mode=RGB888
PE4.Signal=LTDC_B0
PE5.Mode=RGB888
PE5.Signal=LTDC_G0
PE6.Mode=RGB888
PE6.Signal=LTDC_G1
PE7.Signal=FMC_D4_DA4
PE8.Signal=FMC_D5_DA5
PE9.Signal=FMC_D6_DA6
PF0.Signal=FMC_A0
PF1.Signal=FMC_A1
PF10.Mode=Single Bank 1 2IOs
PF10.Signal=QUADSPI_CLK
PF11.Signal=FMC_SDNRAS
PF12.Signal=FMC_A6
PF13.Signal=FMC_A7
PF14.Signal=FMC_A8
PF15.Signal=FMC_A9
PF2.Signal=FMC_A2
PF3.Signal=FMC_A3
PF4.Signal=FMC_A4
PF5.Signal=FMC_A5
PF8.Mode=Single Bank 1 2IOs
PF8.Signal=QUADSPI_BK1_IO0
PF9.Mode=Single Bank 1 2IOs
PF9.Signal=QUADSPI_BK1_IO1
PG0.Signal=FMC_A10
PG1.Signal=FMC_A11
PG10.Mode=RGB888
PG10.Signal=LTDC_B2
PG11.Mode=SD_4_bits_Wide_bus
PG11.Signal=SDMMC2_D2
PG12.Mode=RGB888
PG12.Signal=LTDC_B1
PG13.Mode=RGB888
PG13.Signal=LTDC_R0
PG15.Signal=FMC_SDNCAS
PG2.Signal=FMC_A12
PG4.Signal=FMC_A14_BA0
PG5.Signal=FMC_A15_BA1
PG6.Mode=RGB888
PG6.Signal=LTDC_R7
PG7.Mode=RGB888
PG7.Signal=LTDC_CLK
PG8.Signal=FMC_SDCLK
PH0-OSC_IN\ (PH0).Mode=HSE-External-Oscillator
PH0-OSC_IN\ (PH0).Signal=RCC_OSC_IN
PH1-OSC_OUT\ (PH1).Mode=HSE-External-Oscillator
PH1-OSC_OUT\ (PH1).Signal=RCC_OSC_OUT
PH13.Mode=RGB888
PH13.Signal=LTDC_G2
PH14.Mode=FDCAN_Activate
PH14.Signal=FDCAN1_RX
PH15.Mode=RGB888
PH15.Signal=LTDC_G4
PH2.Mode=SdramChipSelect1_1
PH2.Signal=FMC_SDCKE0
PH5.Signal=FMC_SDNWE
PH9.Mode=RGB888
PH9.Signal=LTDC_R3
PI0.Mode=RGB888
PI0.Signal=LTDC_G5
PI1.Mode=RGB888
PI1.Signal=LTDC_G6
PI10.Mode=RGB888
PI10.Signal=LTDC_HSYNC
PI11.Mode=Device_HS
PI11.Signal=USB_OTG_HS_ULPI_DIR
PI4.Mode=RGB888
PI4.Signal=LTDC_B4
PI5.Mode=RGB888
PI5.Signal=LTDC_B5
PI6.Mode=RGB888
PI6.Signal=LTDC_B6
PI7.Mode=RGB888
PI7.Signal=LTDC_B7
PI9.Mode=RGB888
PI9.Signal=LTDC_VSYNC
PJ12.Mode=RGB888
PJ12.Signal=LTDC_G3
PJ15.Mode=RGB888
PJ15.Signal=LTDC_B3
PK7.Mode=RGB888
PK7.Signal=LTDC_DE
PinOutPanel.CurrentBGAView=Top
PinOutPanel.RotationAngle=0
ProjectManager.AskForMigrate=true
ProjectManager.BackupPrevious=false
ProjectManager.CompilerOptimize=6
ProjectManager.ComputerToolchain=false
ProjectManager.CoupleFile=false
ProjectManager.CustomerFirmwarePackage=
ProjectManager.DefaultFWLocation=true
ProjectManager.DeletePrevious=true
ProjectManager.DeviceId=STM32H750XBHx
ProjectManager.FirmwarePackage=STM32Cube FW_H7 V1.11.2
ProjectManager.FreePins=false
ProjectManager.HalAssertFull=false
ProjectManager.HeapSize=0x200
ProjectManager.KeepUserCode=true
ProjectManager.LastFirmware=true
ProjectManager.LibraryCopy=0
ProjectManager.MainLocation=Core/Src
ProjectManager.NoMain=false
ProjectManager.PreviousToolchain=
ProjectManager.ProjectBuild=false
ProjectManager.ProjectFileName=YTAR.ioc
ProjectManager.ProjectName=YTAR
ProjectManager.ProjectStructure=
ProjectManager.RegisterCallBack=
ProjectManager.StackSize=0x400
ProjectManager.TargetToolchain=EWARM V8.50
ProjectManager.ToolChainLocation=
ProjectManager.UAScriptAfterPath=
ProjectManager.UAScriptBeforePath=
ProjectManager.UnderRoot=false
ProjectManager.functionlistsort=1-SystemClock_Config-RCC-false-HAL-false,2-MX_GPIO_Init-GPIO-false-HAL-true,3-MX_DMA_Init-DMA-false-HAL-true,4-MX_FDCAN1_Init-FDCAN1-false-HAL-true,5-MX_USB_OTG_HS_PCD_Init-USB_OTG_HS-false-HAL-true,6-MX_QUADSPI_Init-QUADSPI-false-HAL-true,7-MX_SDMMC1_SD_Init-SDMMC1-false-HAL-true,8-MX_SDMMC2_SD_Init-SDMMC2-false-HAL-true,9-MX_FMC_Init-FMC-false-HAL-true,10-MX_LTDC_Init-LTDC-false-HAL-true,11-MX_TIM2_Init-TIM2-false-HAL-true,0-MX_CORTEX_M7_Init-CORTEX_M7-false-HAL-true
RCC.ADCFreq_Value=129000000
RCC.AHB12Freq_Value=64000000
RCC.AHB4Freq_Value=64000000
RCC.APB1Freq_Value=64000000
RCC.APB2Freq_Value=64000000
RCC.APB3Freq_Value=64000000
RCC.APB4Freq_Value=64000000
RCC.AXIClockFreq_Value=64000000
RCC.CECFreq_Value=32000
RCC.CKPERFreq_Value=64000000
RCC.CortexFreq_Value=64000000
RCC.CpuClockFreq_Value=64000000
RCC.D1CPREFreq_Value=64000000
RCC.DFSDMACLkFreq_Value=129000000
RCC.DFSDMFreq_Value=64000000
RCC.DIVP1Freq_Value=129000000
RCC.DIVP2Freq_Value=129000000
RCC.DIVP3Freq_Value=129000000
RCC.DIVQ1Freq_Value=129000000
RCC.DIVQ2Freq_Value=129000000
RCC.DIVQ3Freq_Value=129000000
RCC.DIVR1Freq_Value=129000000
RCC.DIVR2Freq_Value=129000000
RCC.DIVR3Freq_Value=129000000
RCC.FDCANFreq_Value=129000000
RCC.FMCFreq_Value=64000000
RCC.FamilyName=M
RCC.HCLK3ClockFreq_Value=64000000
RCC.HCLKFreq_Value=64000000
RCC.HRTIMFreq_Value=64000000
RCC.I2C123Freq_Value=64000000
RCC.I2C4Freq_Value=64000000
RCC.IPParameters=ADCFreq_Value,AHB12Freq_Value,AHB4Freq_Value,APB1Freq_Value,APB2Freq_Value,APB3Freq_Value,APB4Freq_Value,AXIClockFreq_Value,CECFreq_Value,CKPERFreq_Value,CortexFreq_Value,CpuClockFreq_Value,D1CPREFreq_Value,DFSDMACLkFreq_Value,DFSDMFreq_Value,DIVP1Freq_Value,DIVP2Freq_Value,DIVP3Freq_Value,DIVQ1Freq_Value,DIVQ2Freq_Value,DIVQ3Freq_Value,DIVR1Freq_Value,DIVR2Freq_Value,DIVR3Freq_Value,FDCANFreq_Value,FMCFreq_Value,FamilyName,HCLK3ClockFreq_Value,HCLKFreq_Value,HRTIMFreq_Value,I2C123Freq_Value,I2C4Freq_Value,LPTIM1Freq_Value,LPTIM2Freq_Value,LPTIM345Freq_Value,LPUART1Freq_Value,LTDCFreq_Value,MCO1PinFreq_Value,MCO2PinFreq_Value,PLLSource,PLLSourceVirtual,QSPIFreq_Value,RNGFreq_Value,RTCFreq_Value,SAI1Freq_Value,SAI23Freq_Value,SAI4AFreq_Value,SAI4BFreq_Value,SDMMCFreq_Value,SPDIFRXFreq_Value,SPI123Freq_Value,SPI45Freq_Value,SPI6Freq_Value,SWPMI1Freq_Value,SYSCLKFreq_VALUE,Tim1OutputFreq_Value,Tim2OutputFreq_Value,TraceFreq_Value,USART16Freq_Value,USART234578Freq_Value,USBFreq_Value,VCO1OutputFreq_Value,VCO2OutputFreq_Value,VCO3OutputFreq_Value,VCOInput1Freq_Value,VCOInput2Freq_Value,VCOInput3Freq_Value
RCC.LPTIM1Freq_Value=64000000
RCC.LPTIM2Freq_Value=64000000
RCC.LPTIM345Freq_Value=64000000
RCC.LPUART1Freq_Value=64000000
RCC.LTDCFreq_Value=129000000
RCC.MCO1PinFreq_Value=64000000
RCC.MCO2PinFreq_Value=64000000
RCC.PLLSource=RCC_PLLSOURCE_HSI
RCC.PLLSourceVirtual=RCC_PLLSOURCE_HSI
RCC.QSPIFreq_Value=64000000
RCC.RNGFreq_Value=48000000
RCC.RTCFreq_Value=32000
RCC.SAI1Freq_Value=129000000
RCC.SAI23Freq_Value=129000000
RCC.SAI4AFreq_Value=129000000
RCC.SAI4BFreq_Value=129000000
RCC.SDMMCFreq_Value=129000000
RCC.SPDIFRXFreq_Value=129000000
RCC.SPI123Freq_Value=129000000
RCC.SPI45Freq_Value=64000000
RCC.SPI6Freq_Value=64000000
RCC.SWPMI1Freq_Value=64000000
RCC.SYSCLKFreq_VALUE=64000000
RCC.Tim1OutputFreq_Value=64000000
RCC.Tim2OutputFreq_Value=64000000
RCC.TraceFreq_Value=64000000
RCC.USART16Freq_Value=64000000
RCC.USART234578Freq_Value=64000000
RCC.USBFreq_Value=129000000
RCC.VCO1OutputFreq_Value=258000000
RCC.VCO2OutputFreq_Value=258000000
RCC.VCO3OutputFreq_Value=258000000
RCC.VCOInput1Freq_Value=2000000
RCC.VCOInput2Freq_Value=2000000
RCC.VCOInput3Freq_Value=2000000
SH.FMC_A0.0=FMC_A0,13b-sda1
SH.FMC_A0.ConfNb=1
SH.FMC_A1.0=FMC_A1,13b-sda1
SH.FMC_A1.ConfNb=1
SH.FMC_A10.0=FMC_A10,13b-sda1
SH.FMC_A10.ConfNb=1
SH.FMC_A11.0=FMC_A11,13b-sda1
SH.FMC_A11.ConfNb=1
SH.FMC_A12.0=FMC_A12,13b-sda1
SH.FMC_A12.ConfNb=1
SH.FMC_A14_BA0.0=FMC_BA0,FourSdramBanks1
SH.FMC_A14_BA0.ConfNb=1
SH.FMC_A15_BA1.0=FMC_BA1,FourSdramBanks1
SH.FMC_A15_BA1.ConfNb=1
SH.FMC_A2.0=FMC_A2,13b-sda1
SH.FMC_A2.ConfNb=1
SH.FMC_A3.0=FMC_A3,13b-sda1
SH.FMC_A3.ConfNb=1
SH.FMC_A4.0=FMC_A4,13b-sda1
SH.FMC_A4.ConfNb=1
SH.FMC_A5.0=FMC_A5,13b-sda1
SH.FMC_A5.ConfNb=1
SH.FMC_A6.0=FMC_A6,13b-sda1
SH.FMC_A6.ConfNb=1
SH.FMC_A7.0=FMC_A7,13b-sda1
SH.FMC_A7.ConfNb=1
SH.FMC_A8.0=FMC_A8,13b-sda1
SH.FMC_A8.ConfNb=1
SH.FMC_A9.0=FMC_A9,13b-sda1
SH.FMC_A9.ConfNb=1
SH.FMC_D0_DA0.0=FMC_D0,sd-16b-d1
SH.FMC_D0_DA0.ConfNb=1
SH.FMC_D10_DA10.0=FMC_D10,sd-16b-d1
SH.FMC_D10_DA10.ConfNb=1
SH.FMC_D11_DA11.0=FMC_D11,sd-16b-d1
SH.FMC_D11_DA11.ConfNb=1
SH.FMC_D12_DA12.0=FMC_D12,sd-16b-d1
SH.FMC_D12_DA12.ConfNb=1
SH.FMC_D13_DA13.0=FMC_D13,sd-16b-d1
SH.FMC_D13_DA13.ConfNb=1
SH.FMC_D14_DA14.0=FMC_D14,sd-16b-d1
SH.FMC_D14_DA14.ConfNb=1
SH.FMC_D15_DA15.0=FMC_D15,sd-16b-d1
SH.FMC_D15_DA15.ConfNb=1
SH.FMC_D1_DA1.0=FMC_D1,sd-16b-d1
SH.FMC_D1_DA1.ConfNb=1
SH.FMC_D2_DA2.0=FMC_D2,sd-16b-d1
SH.FMC_D2_DA2.ConfNb=1
SH.FMC_D3_DA3.0=FMC_D3,sd-16b-d1
SH.FMC_D3_DA3.ConfNb=1
SH.FMC_D4_DA4.0=FMC_D4,sd-16b-d1
SH.FMC_D4_DA4.ConfNb=1
SH.FMC_D5_DA5.0=FMC_D5,sd-16b-d1
SH.FMC_D5_DA5.ConfNb=1
SH.FMC_D6_DA6.0=FMC_D6,sd-16b-d1
SH.FMC_D6_DA6.ConfNb=1
SH.FMC_D7_DA7.0=FMC_D7,sd-16b-d1
SH.FMC_D7_DA7.ConfNb=1
SH.FMC_D8_DA8.0=FMC_D8,sd-16b-d1
SH.FMC_D8_DA8.ConfNb=1
SH.FMC_D9_DA9.0=FMC_D9,sd-16b-d1
SH.FMC_D9_DA9.ConfNb=1
SH.FMC_SDCLK.0=FMC_SDCLK,13b-sda1
SH.FMC_SDCLK.ConfNb=1
SH.FMC_SDNCAS.0=FMC_SDNCAS,13b-sda1
SH.FMC_SDNCAS.ConfNb=1
SH.FMC_SDNRAS.0=FMC_SDNRAS,13b-sda1
SH.FMC_SDNRAS.ConfNb=1
SH.FMC_SDNWE.0=FMC_SDNWE,13b-sda1
SH.FMC_SDNWE.ConfNb=1
SH.S_TIM2_CH1_ETR.0=TIM2_ETR,ClockSourceETR_Mode2
SH.S_TIM2_CH1_ETR.ConfNb=1
TIM2.IPParameters=Period
TIM2.Period=0
USB_OTG_HS.IPParameters=VirtualMode-Device_HS
USB_OTG_HS.VirtualMode-Device_HS=Device_HS
VP_SYS_VS_Systick.Mode=SysTick
VP_SYS_VS_Systick.Signal=SYS_VS_Systick
board=custom
